
Microsoft Visual Studio Solution File, Format Version 12.00
# Visual Studio Version 17
VisualStudioVersion = 17.5.33530.505
MinimumVisualStudioVersion = 10.0.40219.1
Project("{FAE04EC0-301F-11D3-BF4B-00C04F79EFBC}") = "Quick_Info_Scheduler", "Quick_Info_Scheduler\Quick_Info_Scheduler.csproj", "{761DC2A9-A1AB-4A1F-A19D-9F92A77E6174}"
EndProject
Global
	GlobalSection(SolutionConfigurationPlatforms) = preSolution
		Debug|Any CPU = Debug|Any CPU
		Release|Any CPU = Release|Any CPU
	EndGlobalSection
	GlobalSection(ProjectConfigurationPlatforms) = postSolution
		{761DC2A9-A1AB-4A1F-A19D-9F92A77E6174}.Debug|Any CPU.ActiveCfg = Debug|Any CPU
		{761DC2A9-A1AB-4A1F-A19D-9F92A77E6174}.Debug|Any CPU.Build.0 = Debug|Any CPU
		{761DC2A9-A1AB-4A1F-A19D-9F92A77E6174}.Release|Any CPU.ActiveCfg = Release|Any CPU
		{761DC2A9-A1AB-4A1F-A19D-9F92A77E6174}.Release|Any CPU.Build.0 = Release|Any CPU
	EndGlobalSection
	GlobalSection(SolutionProperties) = preSolution
		HideSolutionNode = FALSE
	EndGlobalSection
	GlobalSection(ExtensibilityGlobals) = postSolution
		SolutionGuid = {7CACDEB9-7A18-4CBA-830E-42D1FD05C5D3}
	EndGlobalSection
EndGlobal
